{
  "lockfile-version": 1,
  "manifest": {
    "schema-version": "1.11.0",
    "install": {
      "awscli2": {
        "pkg-path": "awscli2"
      },
      "drawio": {
        "pkg-path": "drawio"
      },
      "nodejs_22": {
        "pkg-path": "nodejs_22"
      },
      "pnpm": {
        "pkg-path": "pnpm"
      },
      "terraform": {
        "pkg-path": "terraform"
      },
      "xvfb": {
        "pkg-path": "xorg.xvfb"
      },
      "xvfb-run": {
        "pkg-path": "xvfb-run",
        "systems": [
          "x86_64-linux",
          "aarch64-linux"
        ]
      }
    },
    "hook": {},
    "profile": {},
    "options": {}
  },
  "packages": [
    {
      "attr_path": "awscli2",
      "broken": false,
      "derivation": "/nix/store/cniv46szbrixg92njb59p1pykr66nrym-awscli2-2.27.50.drv",
      "description": "Unified tool to manage your AWS services",
      "install_id": "awscli2",
      "license": "Apache-2.0",
      "locked_url": "https://github.com/flox/nixpkgs?rev=fc02ee70efb805d3b2865908a13ddd4474557ecf",
      "name": "awscli2-2.27.50",
      "pname": "awscli2",
      "rev": "fc02ee70efb805d3b2865908a13ddd4474557ecf",
      "rev_count": 833752,
      "rev_date": "2025-07-23T06:00:50Z",
      "scrape_date": "2025-07-25T00:29:03.637535Z",
      "stabilities": [
        "staging",
        "unstable",
        "stable"
      ],
      "unfree": false,
      "version": "2.27.50",
      "outputs_to_install": [
        "out"
      ],
      "outputs": {
        "dist": "/nix/store/vz40liviv1351a89ncqzhp4xffakshqp-awscli2-2.27.50-dist",
        "out": "/nix/store/h74q3311nclskcyrncj1kw7w747fd4jf-awscli2-2.27.50"
      },
      "system": "aarch64-darwin",
      "group": "toplevel",
      "priority": 5
    },
    {
      "attr_path": "awscli2",
      "broken": false,
      "derivation": "/nix/store/9d9y73fkqhbc8pxyp78p2z1y1v9p79ns-awscli2-2.27.50.drv",
      "description": "Unified tool to manage your AWS services",
      "install_id": "awscli2",
      "license": "Apache-2.0",
      "locked_url": "https://github.com/flox/nixpkgs?rev=fc02ee70efb805d3b2865908a13ddd4474557ecf",
      "name": "awscli2-2.27.50",
      "pname": "awscli2",
      "rev": "fc02ee70efb805d3b2865908a13ddd4474557ecf",
      "rev_count": 833752,
      "rev_date": "2025-07-23T06:00:50Z",
      "scrape_date": "2025-07-25T00:52:20.434805Z",
      "stabilities": [
        "staging",
        "unstable",
        "stable"
      ],
      "unfree": false,
      "version": "2.27.50",
      "outputs_to_install": [
        "out"
      ],
      "outputs": {
        "dist": "/nix/store/66zcgjkx5163wxkx4q4wy2mlinnac73h-awscli2-2.27.50-dist",
        "out": "/nix/store/csvbn708nih4310bz8xgwjh1lqykjip4-awscli2-2.27.50"
      },
      "system": "aarch64-linux",
      "group": "toplevel",
      "priority": 5
    },
    {
      "attr_path": "awscli2",
      "broken": false,
      "derivation": "/nix/store/azp0y8a8g62k3xb46p89kzrzg7p9kx5m-awscli2-2.27.50.drv",
      "description": "Unified tool to manage your AWS services",
      "install_id": "awscli2",
      "license": "Apache-2.0",
      "locked_url": "https://github.com/flox/nixpkgs?rev=fc02ee70efb805d3b2865908a13ddd4474557ecf",
      "name": "awscli2-2.27.50",
      "pname": "awscli2",
      "rev": "fc02ee70efb805d3b2865908a13ddd4474557ecf",
      "rev_count": 833752,
      "rev_date": "2025-07-23T06:00:50Z",
      "scrape_date": "2025-07-25T01:11:38.872478Z",
      "stabilities": [
        "staging",
        "unstable",
        "stable"
      ],
      "unfree": false,
      "version": "2.27.50",
      "outputs_to_install": [
        "out"
      ],
      "outputs": {
        "dist": "/nix/store/92rz6l78nqdiv952srximfxfjg0m9a91-awscli2-2.27.50-dist",
        "out": "/nix/store/dxj0qjhm41qw8akm842akgpcb5zjkkf7-awscli2-2.27.50"
      },
      "system": "x86_64-darwin",
      "group": "toplevel",
      "priority": 5
    },
    {
      "attr_path": "awscli2",
      "broken": false,
      "derivation": "/nix/store/fzh9bz8nwzv1z2qqsw8yslj2qaxcf31d-awscli2-2.27.50.drv",
      "description": "Unified tool to manage your AWS services",
      "install_id": "awscli2",
      "license": "Apache-2.0",
      "locked_url": "https://github.com/flox/nixpkgs?rev=fc02ee70efb805d3b2865908a13ddd4474557ecf",
      "name": "awscli2-2.27.50",
      "pname": "awscli2",
      "rev": "fc02ee70efb805d3b2865908a13ddd4474557ecf",
      "rev_count": 833752,
      "rev_date": "2025-07-23T06:00:50Z",
      "scrape_date": "2025-07-25T01:36:31.317265Z",
      "stabilities": [
        "staging",
        "unstable",
        "stable"
      ],
      "unfree": false,
      "version": "2.27.50",
      "outputs_to_install": [
        "out"
      ],
      "outputs": {
        "dist": "/nix/store/p05rkykwh1h0wfkdmqlc5dy6afqbx434-awscli2-2.27.50-dist",
        "out": "/nix/store/84x45xrqhadw16y11xkmyy9chh4hmd5m-awscli2-2.27.50"
      },
      "system": "x86_64-linux",
      "group": "toplevel",
      "priority": 5
    },
    {
      "attr_path": "drawio",
      "broken": false,
      "derivation": "/nix/store/5d067kv1czrdn26sfadxlwlbsinbspxz-drawio-26.1.1.drv",
      "description": "Desktop version of draw.io for creating diagrams",
      "install_id": "drawio",
      "license": "[ Apache-2.0, Unfree redistributable ]",
      "locked_url": "https://github.com/flox/nixpkgs?rev=fc02ee70efb805d3b2865908a13ddd4474557ecf",
      "name": "drawio-26.1.1",
      "pname": "drawio",
      "rev": "fc02ee70efb805d3b2865908a13ddd4474557ecf",
      "rev_count": 833752,
      "rev_date": "2025-07-23T06:00:50Z",
      "scrape_date": "2025-07-25T00:29:04.117899Z",
      "stabilities": [
        "staging",
        "unstable",
        "stable"
      ],
      "unfree": true,
      "version": "26.1.1",
      "outputs_to_install": [
        "out"
      ],
      "outputs": {
        "out": "/nix/store/zq0qmz70rlir6ibpd370df3bgxzbaimc-drawio-26.1.1"
      },
      "system": "aarch64-darwin",
      "group": "toplevel",
      "priority": 5
    },
    {
      "attr_path": "drawio",
      "broken": false,
      "derivation": "/nix/store/b1dsncmm7160bpffrrc08ki1q75npcrf-drawio-26.1.1.drv",
      "description": "Desktop version of draw.io for creating diagrams",
      "install_id": "drawio",
      "license": "[ Apache-2.0, Unfree redistributable ]",
      "locked_url": "https://github.com/flox/nixpkgs?rev=fc02ee70efb805d3b2865908a13ddd4474557ecf",
      "name": "drawio-26.1.1",
      "pname": "drawio",
      "rev": "fc02ee70efb805d3b2865908a13ddd4474557ecf",
      "rev_count": 833752,
      "rev_date": "2025-07-23T06:00:50Z",
      "scrape_date": "2025-07-25T00:52:21.132351Z",
      "stabilities": [
        "staging",
        "unstable",
        "stable"
      ],
      "unfree": true,
      "version": "26.1.1",
      "outputs_to_install": [
        "out"
      ],
      "outputs": {
        "out": "/nix/store/ds5s3wgln462adk25c92wg1zqilva8li-drawio-26.1.1"
      },
      "system": "aarch64-linux",
      "group": "toplevel",
      "priority": 5
    },
    {
      "attr_path": "drawio",
      "broken": false,
      "derivation": "/nix/store/2k4a2nmnykhjg90s9irwa3l82q4sls1a-drawio-26.1.1.drv",
      "description": "Desktop version of draw.io for creating diagrams",
      "install_id": "drawio",
      "license": "[ Apache-2.0, Unfree redistributable ]",
      "locked_url": "https://github.com/flox/nixpkgs?rev=fc02ee70efb805d3b2865908a13ddd4474557ecf",
      "name": "drawio-26.1.1",
      "pname": "drawio",
      "rev": "fc02ee70efb805d3b2865908a13ddd4474557ecf",
      "rev_count": 833752,
      "rev_date": "2025-07-23T06:00:50Z",
      "scrape_date": "2025-07-25T01:11:39.327658Z",
      "stabilities": [
        "staging",
        "unstable",
        "stable"
      ],
      "unfree": true,
      "version": "26.1.1",
      "outputs_to_install": [
        "out"
      ],
      "outputs": {
        "out": "/nix/store/x29y4fabfjg44ml08nd4s7nv7vqhm3pj-drawio-26.1.1"
      },
      "system": "x86_64-darwin",
      "group": "toplevel",
      "priority": 5
    },
    {
      "attr_path": "drawio",
      "broken": false,
      "derivation": "/nix/store/3w0i0mjfy2w252b10sjrq2c945c19nbk-drawio-26.1.1.drv",
      "description": "Desktop version of draw.io for creating diagrams",
      "install_id": "drawio",
      "license": "[ Apache-2.0, Unfree redistributable ]",
      "locked_url": "https://github.com/flox/nixpkgs?rev=fc02ee70efb805d3b2865908a13ddd4474557ecf",
      "name": "drawio-26.1.1",
      "pname": "drawio",
      "rev": "fc02ee70efb805d3b2865908a13ddd4474557ecf",
      "rev_count": 833752,
      "rev_date": "2025-07-23T06:00:50Z",
      "scrape_date": "2025-07-25T01:36:32.091825Z",
      "stabilities": [
        "staging",
        "unstable",
        "stable"
      ],
      "unfree": true,
      "version": "26.1.1",
      "outputs_to_install": [
        "out"
      ],
      "outputs": {
        "out": "/nix/store/7pj62ykdv4542l26xqlwz7fmqg9lcxs4-drawio-26.1.1"
      },
      "system": "x86_64-linux",
      "group": "toplevel",
      "priority": 5
    },
    {
      "attr_path": "nodejs_22",
      "broken": false,
      "derivation": "/nix/store/vw8bgqlyqqkrqkj3zi87g5dn3f9gdbig-nodejs-22.17.0.drv",
      "description": "Event-driven I/O framework for the V8 JavaScript engine",
      "install_id": "nodejs_22",
      "license": "MIT",
      "locked_url": "https://github.com/flox/nixpkgs?rev=fc02ee70efb805d3b2865908a13ddd4474557ecf",
      "name": "nodejs-22.17.0",
      "pname": "nodejs_22",
      "rev": "fc02ee70efb805d3b2865908a13ddd4474557ecf",
      "rev_count": 833752,
      "rev_date": "2025-07-23T06:00:50Z",
      "scrape_date": "2025-07-25T00:29:07.271281Z",
      "stabilities": [
        "staging",
        "unstable",
        "stable"
      ],
      "unfree": false,
      "version": "22.17.0",
      "outputs_to_install": [
        "out"
      ],
      "outputs": {
        "dev": "/nix/store/13sy62qad5p8lhbak7lqmh5dhjakqlkd-nodejs-22.17.0-dev",
        "libv8": "/nix/store/lavkp68zvwgbs3z6zzl31q6yzbi2hkwh-nodejs-22.17.0-libv8",
        "out": "/nix/store/gaq6v57mm40g1974hyg1vvxgzxqh16af-nodejs-22.17.0"
      },
      "system": "aarch64-darwin",
      "group": "toplevel",
      "priority": 5
    },
    {
      "attr_path": "nodejs_22",
      "broken": false,
      "derivation": "/nix/store/rk2qfvqapnzc8jd2y0qrk5ifs5b1vl0v-nodejs-22.17.0.drv",
      "description": "Event-driven I/O framework for the V8 JavaScript engine",
      "install_id": "nodejs_22",
      "license": "MIT",
      "locked_url": "https://github.com/flox/nixpkgs?rev=fc02ee70efb805d3b2865908a13ddd4474557ecf",
      "name": "nodejs-22.17.0",
      "pname": "nodejs_22",
      "rev": "fc02ee70efb805d3b2865908a13ddd4474557ecf",
      "rev_count": 833752,
      "rev_date": "2025-07-23T06:00:50Z",
      "scrape_date": "2025-07-25T00:52:31.237100Z",
      "stabilities": [
        "staging",
        "unstable",
        "stable"
      ],
      "unfree": false,
      "version": "22.17.0",
      "outputs_to_install": [
        "out"
      ],
      "outputs": {
        "dev": "/nix/store/gv6ydjf9r179ih2npybkzxrnf6wzq77l-nodejs-22.17.0-dev",
        "libv8": "/nix/store/zlb0n44z62k16c41xvx9yci5010jbqvc-nodejs-22.17.0-libv8",
        "out": "/nix/store/ywi3gcwj1cjbzb9l0ixqn438z52i3qiw-nodejs-22.17.0"
      },
      "system": "aarch64-linux",
      "group": "toplevel",
      "priority": 5
    },
    {
      "attr_path": "nodejs_22",
      "broken": false,
      "derivation": "/nix/store/p5byay4vjnbbf91b6fl7bl6ch3zn417g-nodejs-22.17.0.drv",
      "description": "Event-driven I/O framework for the V8 JavaScript engine",
      "install_id": "nodejs_22",
      "license": "MIT",
      "locked_url": "https://github.com/flox/nixpkgs?rev=fc02ee70efb805d3b2865908a13ddd4474557ecf",
      "name": "nodejs-22.17.0",
      "pname": "nodejs_22",
      "rev": "fc02ee70efb805d3b2865908a13ddd4474557ecf",
      "rev_count": 833752,
      "rev_date": "2025-07-23T06:00:50Z",
      "scrape_date": "2025-07-25T01:11:42.437888Z",
      "stabilities": [
        "staging",
        "unstable",
        "stable"
      ],
      "unfree": false,
      "version": "22.17.0",
      "outputs_to_install": [
        "out"
      ],
      "outputs": {
        "dev": "/nix/store/8m3dnkmhcfvx1y11nqxaah29siwrn5a3-nodejs-22.17.0-dev",
        "libv8": "/nix/store/hn6z4a6bz6m1v8852yrw51pwv4pf73xk-nodejs-22.17.0-libv8",
        "out": "/nix/store/4w47135rza25rjmfq247x63qlm92v4j1-nodejs-22.17.0"
      },
      "system": "x86_64-darwin",
      "group": "toplevel",
      "priority": 5
    },
    {
      "attr_path": "nodejs_22",
      "broken": false,
      "derivation": "/nix/store/2c2yfdvdf58hhpq7363wdp039276d40m-nodejs-22.17.0.drv",
      "description": "Event-driven I/O framework for the V8 JavaScript engine",
      "install_id": "nodejs_22",
      "license": "MIT",
      "locked_url": "https://github.com/flox/nixpkgs?rev=fc02ee70efb805d3b2865908a13ddd4474557ecf",
      "name": "nodejs-22.17.0",
      "pname": "nodejs_22",
      "rev": "fc02ee70efb805d3b2865908a13ddd4474557ecf",
      "rev_count": 833752,
      "rev_date": "2025-07-23T06:00:50Z",
      "scrape_date": "2025-07-25T01:36:43.961940Z",
      "stabilities": [
        "staging",
        "unstable",
        "stable"
      ],
      "unfree": false,
      "version": "22.17.0",
      "outputs_to_install": [
        "out"
      ],
      "outputs": {
        "dev": "/nix/store/gwsbdl02aszapvyykb2kcyqx71q2mj6n-nodejs-22.17.0-dev",
        "libv8": "/nix/store/2cxsn91qbd148jsz8jjbfzq41qbl9q8j-nodejs-22.17.0-libv8",
        "out": "/nix/store/r1smm331j6crqs02mn986g06f7cpbggh-nodejs-22.17.0"
      },
      "system": "x86_64-linux",
      "group": "toplevel",
      "priority": 5
    },
    {
      "attr_path": "pnpm",
      "broken": false,
      "derivation": "/nix/store/0kp0j65lzrz7slqc8q1hyh3c5c77i8zr-pnpm-10.13.1.drv",
      "description": "Fast, disk space efficient package manager for JavaScript",
      "install_id": "pnpm",
      "license": "MIT",
      "locked_url": "https://github.com/flox/nixpkgs?rev=fc02ee70efb805d3b2865908a13ddd4474557ecf",
      "name": "pnpm-10.13.1",
      "pname": "pnpm",
      "rev": "fc02ee70efb805d3b2865908a13ddd4474557ecf",
      "rev_count": 833752,
      "rev_date": "2025-07-23T06:00:50Z",
      "scrape_date": "2025-07-25T00:29:12.639520Z",
      "stabilities": [
        "staging",
        "unstable",
        "stable"
      ],
      "unfree": false,
      "version": "10.13.1",
      "outputs_to_install": [
        "out"
      ],
      "outputs": {
        "out": "/nix/store/wqa2kn4a7ni8y9p293j6xwlr0111jha0-pnpm-10.13.1"
      },
      "system": "aarch64-darwin",
      "group": "toplevel",
      "priority": 5
    },
    {
      "attr_path": "pnpm",
      "broken": false,
      "derivation": "/nix/store/a9p6bfff3fzhq0fs8kypi4h3c81wblhi-pnpm-10.13.1.drv",
      "description": "Fast, disk space efficient package manager for JavaScript",
      "install_id": "pnpm",
      "license": "MIT",
      "locked_url": "https://github.com/flox/nixpkgs?rev=fc02ee70efb805d3b2865908a13ddd4474557ecf",
      "name": "pnpm-10.13.1",
      "pname": "pnpm",
      "rev": "fc02ee70efb805d3b2865908a13ddd4474557ecf",
      "rev_count": 833752,
      "rev_date": "2025-07-23T06:00:50Z",
      "scrape_date": "2025-07-25T00:52:41.005329Z",
      "stabilities": [
        "staging",
        "unstable",
        "stable"
      ],
      "unfree": false,
      "version": "10.13.1",
      "outputs_to_install": [
        "out"
      ],
      "outputs": {
        "out": "/nix/store/91nil2hyw90n1yxkr9myd70kxb3cvadc-pnpm-10.13.1"
      },
      "system": "aarch64-linux",
      "group": "toplevel",
      "priority": 5
    },
    {
      "attr_path": "pnpm",
      "broken": false,
      "derivation": "/nix/store/hpz6gxiwr5ahglymb0wq42k9wk7gf83j-pnpm-10.13.1.drv",
      "description": "Fast, disk space efficient package manager for JavaScript",
      "install_id": "pnpm",
      "license": "MIT",
      "locked_url": "https://github.com/flox/nixpkgs?rev=fc02ee70efb805d3b2865908a13ddd4474557ecf",
      "name": "pnpm-10.13.1",
      "pname": "pnpm",
      "rev": "fc02ee70efb805d3b2865908a13ddd4474557ecf",
      "rev_count": 833752,
      "rev_date": "2025-07-23T06:00:50Z",
      "scrape_date": "2025-07-25T01:11:47.859853Z",
      "stabilities": [
        "staging",
        "unstable",
        "stable"
      ],
      "unfree": false,
      "version": "10.13.1",
      "outputs_to_install": [
        "out"
      ],
      "outputs": {
        "out": "/nix/store/ljac08bdv87gy7jj5j2dkxgbzy93bjc1-pnpm-10.13.1"
      },
      "system": "x86_64-darwin",
      "group": "toplevel",
      "priority": 5
    },
    {
      "attr_path": "pnpm",
      "broken": false,
      "derivation": "/nix/store/bs0674xgzvv0p245w6rhcg5i3h3srq3k-pnpm-10.13.1.drv",
      "description": "Fast, disk space efficient package manager for JavaScript",
      "install_id": "pnpm",
      "license": "MIT",
      "locked_url": "https://github.com/flox/nixpkgs?rev=fc02ee70efb805d3b2865908a13ddd4474557ecf",
      "name": "pnpm-10.13.1",
      "pname": "pnpm",
      "rev": "fc02ee70efb805d3b2865908a13ddd4474557ecf",
      "rev_count": 833752,
      "rev_date": "2025-07-23T06:00:50Z",
      "scrape_date": "2025-07-25T01:36:54.585558Z",
      "stabilities": [
        "staging",
        "unstable",
        "stable"
      ],
      "unfree": false,
      "version": "10.13.1",
      "outputs_to_install": [
        "out"
      ],
      "outputs": {
        "out": "/nix/store/cdm1ypkmixsyvzj42p8has6j7884z6gv-pnpm-10.13.1"
      },
      "system": "x86_64-linux",
      "group": "toplevel",
      "priority": 5
    },
    {
      "attr_path": "terraform",
      "broken": false,
      "derivation": "/nix/store/25z6fiqi9q2spqnni5ay7mdzwwmskpxd-terraform-1.12.2.drv",
      "description": "Tool for building, changing, and versioning infrastructure",
      "install_id": "terraform",
      "license": "BUSL-1.1",
      "locked_url": "https://github.com/flox/nixpkgs?rev=fc02ee70efb805d3b2865908a13ddd4474557ecf",
      "name": "terraform-1.12.2",
      "pname": "terraform",
      "rev": "fc02ee70efb805d3b2865908a13ddd4474557ecf",
      "rev_count": 833752,
      "rev_date": "2025-07-23T06:00:50Z",
      "scrape_date": "2025-07-25T00:29:48.856273Z",
      "stabilities": [
        "staging",
        "unstable",
        "stable"
      ],
      "unfree": true,
      "version": "1.12.2",
      "outputs_to_install": [
        "out"
      ],
      "outputs": {
        "out": "/nix/store/mm2c99sw758j0kqbmwcl1aydh2x308x4-terraform-1.12.2"
      },
      "system": "aarch64-darwin",
      "group": "toplevel",
      "priority": 5
    },
    {
      "attr_path": "terraform",
      "broken": false,
      "derivation": "/nix/store/6hr1cka74dfkg9vlv3pfnrjxxdrgrm4y-terraform-1.12.2.drv",
      "description": "Tool for building, changing, and versioning infrastructure",
      "install_id": "terraform",
      "license": "BUSL-1.1",
      "locked_url": "https://github.com/flox/nixpkgs?rev=fc02ee70efb805d3b2865908a13ddd4474557ecf",
      "name": "terraform-1.12.2",
      "pname": "terraform",
      "rev": "fc02ee70efb805d3b2865908a13ddd4474557ecf",
      "rev_count": 833752,
      "rev_date": "2025-07-23T06:00:50Z",
      "scrape_date": "2025-07-25T00:53:31.251270Z",
      "stabilities": [
        "staging",
        "unstable",
        "stable"
      ],
      "unfree": true,
      "version": "1.12.2",
      "outputs_to_install": [
        "out"
      ],
      "outputs": {
        "out": "/nix/store/p423g613paxs9ldbnkr5mcxrgb5ilwfh-terraform-1.12.2"
      },
      "system": "aarch64-linux",
      "group": "toplevel",
      "priority": 5
    },
    {
      "attr_path": "terraform",
      "broken": false,
      "derivation": "/nix/store/2r85kd8ykw1hs3a55y23krkqn9vbkd9z-terraform-1.12.2.drv",
      "description": "Tool for building, changing, and versioning infrastructure",
      "install_id": "terraform",
      "license": "BUSL-1.1",
      "locked_url": "https://github.com/flox/nixpkgs?rev=fc02ee70efb805d3b2865908a13ddd4474557ecf",
      "name": "terraform-1.12.2",
      "pname": "terraform",
      "rev": "fc02ee70efb805d3b2865908a13ddd4474557ecf",
      "rev_count": 833752,
      "rev_date": "2025-07-23T06:00:50Z",
      "scrape_date": "2025-07-25T01:12:23.184727Z",
      "stabilities": [
        "staging",
        "unstable",
        "stable"
      ],
      "unfree": true,
      "version": "1.12.2",
      "outputs_to_install": [
        "out"
      ],
      "outputs": {
        "out": "/nix/store/xn003hjbh4qf2ck38h2qck60wh04h0y9-terraform-1.12.2"
      },
      "system": "x86_64-darwin",
      "group": "toplevel",
      "priority": 5
    },
    {
      "attr_path": "terraform",
      "broken": false,
      "derivation": "/nix/store/izp8qm7ckvwjjnmp1ki1h4kaml53cab7-terraform-1.12.2.drv",
      "description": "Tool for building, changing, and versioning infrastructure",
      "install_id": "terraform",
      "license": "BUSL-1.1",
      "locked_url": "https://github.com/flox/nixpkgs?rev=fc02ee70efb805d3b2865908a13ddd4474557ecf",
      "name": "terraform-1.12.2",
      "pname": "terraform",
      "rev": "fc02ee70efb805d3b2865908a13ddd4474557ecf",
      "rev_count": 833752,
      "rev_date": "2025-07-23T06:00:50Z",
      "scrape_date": "2025-07-25T01:37:48.220497Z",
      "stabilities": [
        "staging",
        "unstable",
        "stable"
      ],
      "unfree": true,
      "version": "1.12.2",
      "outputs_to_install": [
        "out"
      ],
      "outputs": {
        "out": "/nix/store/r827xxb0f2xkkizh71ijgwcm4g2lybwi-terraform-1.12.2"
      },
      "system": "x86_64-linux",
      "group": "toplevel",
      "priority": 5
    },
    {
      "attr_path": "xorg.xvfb",
      "broken": false,
      "derivation": "/nix/store/alvnziz8np0zlimm1jz0x7in4ssi7z6i-xorg-server-21.1.18.drv",
      "install_id": "xvfb",
      "locked_url": "https://github.com/flox/nixpkgs?rev=fc02ee70efb805d3b2865908a13ddd4474557ecf",
      "name": "xorg-server-21.1.18",
      "pname": "xvfb",
      "rev": "fc02ee70efb805d3b2865908a13ddd4474557ecf",
      "rev_count": 833752,
      "rev_date": "2025-07-23T06:00:50Z",
      "scrape_date": "2025-07-25T00:30:11.800451Z",
      "stabilities": [
        "staging",
        "unstable",
        "stable"
      ],
      "unfree": false,
      "version": "21.1.18",
      "outputs_to_install": [
        "out"
      ],
      "outputs": {
        "out": "/nix/store/kpksf94z9arbg4f1sl9fafb7qi3fqsnv-xorg-server-21.1.18"
      },
      "system": "aarch64-darwin",
      "group": "toplevel",
      "priority": 5
    },
    {
      "attr_path": "xorg.xvfb",
      "broken": false,
      "derivation": "/nix/store/3vy3szwc1qqwh6lr3h0xnbdpab8x8l7x-xorg-server-21.1.18.drv",
      "install_id": "xvfb",
      "locked_url": "https://github.com/flox/nixpkgs?rev=fc02ee70efb805d3b2865908a13ddd4474557ecf",
      "name": "xorg-server-21.1.18",
      "pname": "xvfb",
      "rev": "fc02ee70efb805d3b2865908a13ddd4474557ecf",
      "rev_count": 833752,
      "rev_date": "2025-07-23T06:00:50Z",
      "scrape_date": "2025-07-25T00:54:01.707874Z",
      "stabilities": [
        "staging",
        "unstable",
        "stable"
      ],
      "unfree": false,
      "version": "21.1.18",
      "outputs_to_install": [
        "out"
      ],
      "outputs": {
        "out": "/nix/store/fhjsy8nbnn1qh46n1nyp1jwh96cjl4lf-xorg-server-21.1.18"
      },
      "system": "aarch64-linux",
      "group": "toplevel",
      "priority": 5
    },
    {
      "attr_path": "xorg.xvfb",
      "broken": false,
      "derivation": "/nix/store/i30b1v1gk1y71id9j9dilqmxrrsl44ls-xorg-server-21.1.18.drv",
      "install_id": "xvfb",
      "locked_url": "https://github.com/flox/nixpkgs?rev=fc02ee70efb805d3b2865908a13ddd4474557ecf",
      "name": "xorg-server-21.1.18",
      "pname": "xvfb",
      "rev": "fc02ee70efb805d3b2865908a13ddd4474557ecf",
      "rev_count": 833752,
      "rev_date": "2025-07-23T06:00:50Z",
      "scrape_date": "2025-07-25T01:12:46.135814Z",
      "stabilities": [
        "staging",
        "unstable",
        "stable"
      ],
      "unfree": false,
      "version": "21.1.18",
      "outputs_to_install": [
        "out"
      ],
      "outputs": {
        "out": "/nix/store/xgn7ib7bjh9y5xmlydj1sfm18v0gd0ah-xorg-server-21.1.18"
      },
      "system": "x86_64-darwin",
      "group": "toplevel",
      "priority": 5
    },
    {
      "attr_path": "xorg.xvfb",
      "broken": false,
      "derivation": "/nix/store/2nhkl1cxb2x7ciwx0mw58sd259qflgxf-xorg-server-21.1.18.drv",
      "install_id": "xvfb",
      "locked_url": "https://github.com/flox/nixpkgs?rev=fc02ee70efb805d3b2865908a13ddd4474557ecf",
      "name": "xorg-server-21.1.18",
      "pname": "xvfb",
      "rev": "fc02ee70efb805d3b2865908a13ddd4474557ecf",
      "rev_count": 833752,
      "rev_date": "2025-07-23T06:00:50Z",
      "scrape_date": "2025-07-25T01:38:20.400186Z",
      "stabilities": [
        "staging",
        "unstable",
        "stable"
      ],
      "unfree": false,
      "version": "21.1.18",
      "outputs_to_install": [
        "out"
      ],
      "outputs": {
        "out": "/nix/store/mnlfc8wkzymr5f3dl1csvr8i0gaxz7yq-xorg-server-21.1.18"
      },
      "system": "x86_64-linux",
      "group": "toplevel",
      "priority": 5
    },
    {
      "attr_path": "xvfb-run",
      "broken": false,
      "derivation": "/nix/store/mn24iikz58x96wblgyjp1lc3j8rdvi4x-xvfb-run-1+g87f6705.drv",
      "description": "Convenience script to run a virtualized X-Server",
      "install_id": "xvfb-run",
      "license": "GPL-2.0-only",
      "locked_url": "https://github.com/flox/nixpkgs?rev=fc02ee70efb805d3b2865908a13ddd4474557ecf",
      "name": "xvfb-run-1+g87f6705",
      "pname": "xvfb-run",
      "rev": "fc02ee70efb805d3b2865908a13ddd4474557ecf",
      "rev_count": 833752,
      "rev_date": "2025-07-23T06:00:50Z",
      "scrape_date": "2025-07-25T00:54:01.955501Z",
      "stabilities": [
        "staging",
        "unstable",
        "stable"
      ],
      "unfree": false,
      "version": "1+g87f6705",
      "outputs_to_install": [
        "out"
      ],
      "outputs": {
        "out": "/nix/store/sm7912gcl2599vayc46gr8bfbr3qc80f-xvfb-run-1+g87f6705"
      },
      "system": "aarch64-linux",
      "group": "toplevel",
      "priority": 5
    },
    {
      "attr_path": "xvfb-run",
      "broken": false,
      "derivation": "/nix/store/35jr4ba89z648hmgy6qmk7ngy64j334z-xvfb-run-1+g87f6705.drv",
      "description": "Convenience script to run a virtualized X-Server",
      "install_id": "xvfb-run",
      "license": "GPL-2.0-only",
      "locked_url": "https://github.com/flox/nixpkgs?rev=fc02ee70efb805d3b2865908a13ddd4474557ecf",
      "name": "xvfb-run-1+g87f6705",
      "pname": "xvfb-run",
      "rev": "fc02ee70efb805d3b2865908a13ddd4474557ecf",
      "rev_count": 833752,
      "rev_date": "2025-07-23T06:00:50Z",
      "scrape_date": "2025-07-25T01:38:20.669512Z",
      "stabilities": [
        "staging",
        "unstable",
        "stable"
      ],
      "unfree": false,
      "version": "1+g87f6705",
      "outputs_to_install": [
        "out"
      ],
      "outputs": {
        "out": "/nix/store/q4jj760hs8a2ii770kjxlnq63055zndr-xvfb-run-1+g87f6705"
      },
      "system": "x86_64-linux",
      "group": "toplevel",
      "priority": 5
    }
  ]
}
